
Microsoft Visual Studio Solution File, Format Version 12.00
# Visual Studio 15
VisualStudioVersion = 15.0.27428.2005
MinimumVisualStudioVersion = 10.0.40219.1
Project("{FAE04EC0-301F-11D3-BF4B-00C04F79EFBC}") = "WebAPI_Test_App", "WebAPI_Test_App\WebAPI_Test_App.csproj", "{83B0BE4C-696A-404D-BC17-3E024CA6FAB2}"
EndProject
Project("{FAE04EC0-301F-11D3-BF4B-00C04F79EFBC}") = "WebAPI_Test_App.Tests", "WebAPI_Test_App.Tests\WebAPI_Test_App.Tests.csproj", "{643720BC-3CDF-4771-8062-F940CB648767}"
EndProject
Global
	GlobalSection(SolutionConfigurationPlatforms) = preSolution
		Debug|Any CPU = Debug|Any CPU
		Release|Any CPU = Release|Any CPU
	EndGlobalSection
	GlobalSection(ProjectConfigurationPlatforms) = postSolution
		{83B0BE4C-696A-404D-BC17-3E024CA6FAB2}.Debug|Any CPU.ActiveCfg = Debug|Any CPU
		{83B0BE4C-696A-404D-BC17-3E024CA6FAB2}.Debug|Any CPU.Build.0 = Debug|Any CPU
		{83B0BE4C-696A-404D-BC17-3E024CA6FAB2}.Release|Any CPU.ActiveCfg = Release|Any CPU
		{83B0BE4C-696A-404D-BC17-3E024CA6FAB2}.Release|Any CPU.Build.0 = Release|Any CPU
		{643720BC-3CDF-4771-8062-F940CB648767}.Debug|Any CPU.ActiveCfg = Debug|Any CPU
		{643720BC-3CDF-4771-8062-F940CB648767}.Debug|Any CPU.Build.0 = Debug|Any CPU
		{643720BC-3CDF-4771-8062-F940CB648767}.Release|Any CPU.ActiveCfg = Release|Any CPU
		{643720BC-3CDF-4771-8062-F940CB648767}.Release|Any CPU.Build.0 = Release|Any CPU
	EndGlobalSection
	GlobalSection(SolutionProperties) = preSolution
		HideSolutionNode = FALSE
	EndGlobalSection
	GlobalSection(ExtensibilityGlobals) = postSolution
		SolutionGuid = {81AB24D3-EC92-4C61-87B5-914879571053}
	EndGlobalSection
EndGlobal
